
Microsoft Visual Studio Solution File, Format Version 12.00
# Visual Studio Version 17
VisualStudioVersion = 17.0.31903.59
MinimumVisualStudioVersion = 10.0.40219.1
Project("{9A19103F-16F7-4668-BE54-9A1E7A4F7556}") = "EmpyrionModWebHost", "EmpyrionModWebHost\EmpyrionModWebHost.csproj", "{BD4AFD67-1BE4-4E0C-83BE-3F2A21CC2702}"
EndProject
Project("{FAE04EC0-301F-11D3-BF4B-00C04F79EFBC}") = "ClientTestPlatform", "ClientTestPlatform\ClientTestPlatform.csproj", "{9B6C6E13-1225-4BA2-B8BA-8C95E723BC9C}"
EndProject
Project("{FAE04EC0-301F-11D3-BF4B-00C04F79EFBC}") = "EWAExtenderCommunication", "EWAExtenderCommunication\EWAExtenderCommunication.csproj", "{C356799B-60CF-4505-A492-D6F70891BCA4}"
EndProject
Project("{FAE04EC0-301F-11D3-BF4B-00C04F79EFBC}") = "EWALoader", "EWALoader\EWALoader.csproj", "{09A9DA8F-B199-4CE6-916D-9AC7C9DC4B8E}"
EndProject
Project("{FAE04EC0-301F-11D3-BF4B-00C04F79EFBC}") = "EWAModClient", "EWAModClient\EWAModClient.csproj", "{CC76932D-33EF-4A9D-AFDE-4954AFE57676}"
EndProject
Project("{2150E333-8FDC-42A3-9474-1A3956D46DE8}") = "Solution Items", "Solution Items", "{14BC3BBE-35BC-4E7F-824F-C8F913B9A068}"
	ProjectSection(SolutionItems) = preProject
		.editorconfig = .editorconfig
		Readme.md = Readme.md
	EndProjectSection
EndProject
Project("{9A19103F-16F7-4668-BE54-9A1E7A4F7556}") = "UnitTestProject", "UnitTestProject\UnitTestProject.csproj", "{2E8D7DB7-7BCF-4FE7-815B-81CF84B08AA9}"
EndProject
Project("{FAE04EC0-301F-11D3-BF4B-00C04F79EFBC}") = "GlobalStructureList", "GlobalStructureList\GlobalStructureList.csproj", "{D27A6C05-1331-4D5D-8238-BE3A6120E9CD}"
EndProject
Project("{9A19103F-16F7-4668-BE54-9A1E7A4F7556}") = "FluffySpoon.AspNet.LetsEncrypt", "FluffySpoon.AspNet.LetsEncrypt\FluffySpoon.AspNet.LetsEncrypt.csproj", "{806271D6-DF87-41D0-8978-8B3E6A103029}"
EndProject
Global
	GlobalSection(SolutionConfigurationPlatforms) = preSolution
		Debug|Any CPU = Debug|Any CPU
		Release|Any CPU = Release|Any CPU
	EndGlobalSection
	GlobalSection(ProjectConfigurationPlatforms) = postSolution
		{BD4AFD67-1BE4-4E0C-83BE-3F2A21CC2702}.Debug|Any CPU.ActiveCfg = Debug|Any CPU
		{BD4AFD67-1BE4-4E0C-83BE-3F2A21CC2702}.Debug|Any CPU.Build.0 = Debug|Any CPU
		{BD4AFD67-1BE4-4E0C-83BE-3F2A21CC2702}.Release|Any CPU.ActiveCfg = Release|Any CPU
		{BD4AFD67-1BE4-4E0C-83BE-3F2A21CC2702}.Release|Any CPU.Build.0 = Release|Any CPU
		{9B6C6E13-1225-4BA2-B8BA-8C95E723BC9C}.Debug|Any CPU.ActiveCfg = Debug|Any CPU
		{9B6C6E13-1225-4BA2-B8BA-8C95E723BC9C}.Debug|Any CPU.Build.0 = Debug|Any CPU
		{9B6C6E13-1225-4BA2-B8BA-8C95E723BC9C}.Release|Any CPU.ActiveCfg = Release|Any CPU
		{9B6C6E13-1225-4BA2-B8BA-8C95E723BC9C}.Release|Any CPU.Build.0 = Release|Any CPU
		{C356799B-60CF-4505-A492-D6F70891BCA4}.Debug|Any CPU.ActiveCfg = Debug|Any CPU
		{C356799B-60CF-4505-A492-D6F70891BCA4}.Debug|Any CPU.Build.0 = Debug|Any CPU
		{C356799B-60CF-4505-A492-D6F70891BCA4}.Release|Any CPU.ActiveCfg = Release|Any CPU
		{C356799B-60CF-4505-A492-D6F70891BCA4}.Release|Any CPU.Build.0 = Release|Any CPU
		{09A9DA8F-B199-4CE6-916D-9AC7C9DC4B8E}.Debug|Any CPU.ActiveCfg = Debug|Any CPU
		{09A9DA8F-B199-4CE6-916D-9AC7C9DC4B8E}.Debug|Any CPU.Build.0 = Debug|Any CPU
		{09A9DA8F-B199-4CE6-916D-9AC7C9DC4B8E}.Release|Any CPU.ActiveCfg = Release|Any CPU
		{09A9DA8F-B199-4CE6-916D-9AC7C9DC4B8E}.Release|Any CPU.Build.0 = Release|Any CPU
		{CC76932D-33EF-4A9D-AFDE-4954AFE57676}.Debug|Any CPU.ActiveCfg = Debug|Any CPU
		{CC76932D-33EF-4A9D-AFDE-4954AFE57676}.Debug|Any CPU.Build.0 = Debug|Any CPU
		{CC76932D-33EF-4A9D-AFDE-4954AFE57676}.Release|Any CPU.ActiveCfg = Release|Any CPU
		{CC76932D-33EF-4A9D-AFDE-4954AFE57676}.Release|Any CPU.Build.0 = Release|Any CPU
		{2E8D7DB7-7BCF-4FE7-815B-81CF84B08AA9}.Debug|Any CPU.ActiveCfg = Debug|Any CPU
		{2E8D7DB7-7BCF-4FE7-815B-81CF84B08AA9}.Debug|Any CPU.Build.0 = Debug|Any CPU
		{2E8D7DB7-7BCF-4FE7-815B-81CF84B08AA9}.Release|Any CPU.ActiveCfg = Release|Any CPU
		{2E8D7DB7-7BCF-4FE7-815B-81CF84B08AA9}.Release|Any CPU.Build.0 = Release|Any CPU
		{D27A6C05-1331-4D5D-8238-BE3A6120E9CD}.Debug|Any CPU.ActiveCfg = Debug|Any CPU
		{D27A6C05-1331-4D5D-8238-BE3A6120E9CD}.Debug|Any CPU.Build.0 = Debug|Any CPU
		{D27A6C05-1331-4D5D-8238-BE3A6120E9CD}.Release|Any CPU.ActiveCfg = Release|Any CPU
		{D27A6C05-1331-4D5D-8238-BE3A6120E9CD}.Release|Any CPU.Build.0 = Release|Any CPU
		{806271D6-DF87-41D0-8978-8B3E6A103029}.Debug|Any CPU.ActiveCfg = Debug|Any CPU
		{806271D6-DF87-41D0-8978-8B3E6A103029}.Debug|Any CPU.Build.0 = Debug|Any CPU
		{806271D6-DF87-41D0-8978-8B3E6A103029}.Release|Any CPU.ActiveCfg = Release|Any CPU
		{806271D6-DF87-41D0-8978-8B3E6A103029}.Release|Any CPU.Build.0 = Release|Any CPU
	EndGlobalSection
	GlobalSection(SolutionProperties) = preSolution
		HideSolutionNode = FALSE
	EndGlobalSection
	GlobalSection(ExtensibilityGlobals) = postSolution
		SolutionGuid = {A2470295-2ACD-4924-88E2-B5F0EEFB40F6}
	EndGlobalSection
EndGlobal
